
Microsoft Visual Studio Solution File, Format Version 12.00
# Visual Studio Version 16
VisualStudioVersion = 16.0.29503.13
MinimumVisualStudioVersion = 10.0.40219.1
Project("{FAE04EC0-301F-11D3-BF4B-00C04F79EFBC}") = "Pangrams", "Pangrams.csproj", "{0362B276-A3A2-44A9-AD19-9B3FAED844DD}"
EndProject
Global
	GlobalSection(SolutionConfigurationPlatforms) = preSolution
		Debug|Any CPU = Debug|Any CPU
		Release|Any CPU = Release|Any CPU
	EndGlobalSection
	GlobalSection(ProjectConfigurationPlatforms) = postSolution
		{0362B276-A3A2-44A9-AD19-9B3FAED844DD}.Debug|Any CPU.ActiveCfg = Debug|Any CPU
		{0362B276-A3A2-44A9-AD19-9B3FAED844DD}.Debug|Any CPU.Build.0 = Debug|Any CPU
		{0362B276-A3A2-44A9-AD19-9B3FAED844DD}.Release|Any CPU.ActiveCfg = Release|Any CPU
		{0362B276-A3A2-44A9-AD19-9B3FAED844DD}.Release|Any CPU.Build.0 = Release|Any CPU
	EndGlobalSection
	GlobalSection(SolutionProperties) = preSolution
		HideSolutionNode = FALSE
	EndGlobalSection
	GlobalSection(ExtensibilityGlobals) = postSolution
		SolutionGuid = {613DE248-826A-4F9F-A61D-549640AD72F6}
	EndGlobalSection
EndGlobal
